{
  "requires": true,
  "lockfileVersion": 1,
  "dependencies": {
    "jquery": {
      "version": "3.5.0",
      "resolved": "https://registry.npmjs.org/jquery/-/jquery-3.5.0.tgz",
      "integrity": "sha512-Xb7SVYMvygPxbFMpTFQiHh1J7HClEaThguL15N/Gg37Lri/qKyhRGZYzHRyLH8Stq3Aow0LsHO2O2ci86fCrNQ=="
    },
    "string.prototype.format": {
      "version": "1.0.0",
      "resolved": "https://registry.npmjs.org/string.prototype.format/-/string.prototype.format-1.0.0.tgz",
      "integrity": "sha512-3LSqA7GUH5LcA0QtBvMkcNE5xmd3BYeexrRWS12c+V85mkNksvji7RDfFd9X9Awnj+p3rkS2Y4sP0b1C4H5+NQ=="
    }
  }
}
